
Microsoft Visual Studio Solution File, Format Version 12.00
# Visual Studio Version 16
VisualStudioVersion = 16.0.30413.136
MinimumVisualStudioVersion = 10.0.40219.1
Project("{9A19103F-16F7-4668-BE54-9A1E7A4F7556}") = "Services", "Services\Services.csproj", "{24364724-C89A-444C-88EF-C58F334DA314}"
EndProject
Project("{9A19103F-16F7-4668-BE54-9A1E7A4F7556}") = "BLL", "BLL\BLL.csproj", "{A10DDA8B-AFFF-491C-9F10-413D9510EFB9}"
EndProject
Project("{9A19103F-16F7-4668-BE54-9A1E7A4F7556}") = "DAL", "DAL\DAL.csproj", "{00FDFBB6-45A4-4A24-B974-FAD7329B8CF6}"
EndProject
Project("{FAE04EC0-301F-11D3-BF4B-00C04F79EFBC}") = "XUnitTest", "XUnitTest\XUnitTest.csproj", "{848DF0DC-306A-4D09-B2C7-2B5B8072D163}"
EndProject
Global
	GlobalSection(SolutionConfigurationPlatforms) = preSolution
		Debug|Any CPU = Debug|Any CPU
		Release|Any CPU = Release|Any CPU
	EndGlobalSection
	GlobalSection(ProjectConfigurationPlatforms) = postSolution
		{24364724-C89A-444C-88EF-C58F334DA314}.Debug|Any CPU.ActiveCfg = Debug|Any CPU
		{24364724-C89A-444C-88EF-C58F334DA314}.Debug|Any CPU.Build.0 = Debug|Any CPU
		{24364724-C89A-444C-88EF-C58F334DA314}.Release|Any CPU.ActiveCfg = Release|Any CPU
		{24364724-C89A-444C-88EF-C58F334DA314}.Release|Any CPU.Build.0 = Release|Any CPU
		{A10DDA8B-AFFF-491C-9F10-413D9510EFB9}.Debug|Any CPU.ActiveCfg = Debug|Any CPU
		{A10DDA8B-AFFF-491C-9F10-413D9510EFB9}.Debug|Any CPU.Build.0 = Debug|Any CPU
		{A10DDA8B-AFFF-491C-9F10-413D9510EFB9}.Release|Any CPU.ActiveCfg = Release|Any CPU
		{A10DDA8B-AFFF-491C-9F10-413D9510EFB9}.Release|Any CPU.Build.0 = Release|Any CPU
		{00FDFBB6-45A4-4A24-B974-FAD7329B8CF6}.Debug|Any CPU.ActiveCfg = Debug|Any CPU
		{00FDFBB6-45A4-4A24-B974-FAD7329B8CF6}.Debug|Any CPU.Build.0 = Debug|Any CPU
		{00FDFBB6-45A4-4A24-B974-FAD7329B8CF6}.Release|Any CPU.ActiveCfg = Release|Any CPU
		{00FDFBB6-45A4-4A24-B974-FAD7329B8CF6}.Release|Any CPU.Build.0 = Release|Any CPU
		{848DF0DC-306A-4D09-B2C7-2B5B8072D163}.Debug|Any CPU.ActiveCfg = Debug|Any CPU
		{848DF0DC-306A-4D09-B2C7-2B5B8072D163}.Debug|Any CPU.Build.0 = Debug|Any CPU
		{848DF0DC-306A-4D09-B2C7-2B5B8072D163}.Release|Any CPU.ActiveCfg = Release|Any CPU
		{848DF0DC-306A-4D09-B2C7-2B5B8072D163}.Release|Any CPU.Build.0 = Release|Any CPU
	EndGlobalSection
	GlobalSection(SolutionProperties) = preSolution
		HideSolutionNode = FALSE
	EndGlobalSection
	GlobalSection(ExtensibilityGlobals) = postSolution
		SolutionGuid = {12781E1E-354C-4750-A49C-2BFC8E72B8A1}
	EndGlobalSection
EndGlobal
